# This file is automatically @generated by Cargo.
# It is not intended for manual editing.
version = 4

[[package]]
name = "libmpv2"
version = "6.0.0"
source = "registry+https://github.com/rust-lang/crates.io-index"
checksum = "3f3d44c1c29b866d44453249d1d8b2822d891fdabd08359a5b85bb6944445e70"
dependencies = [
 "libmpv2-sys",
]

[[package]]
name = "libmpv2-sys"
version = "4.0.1"
source = "registry+https://github.com/rust-lang/crates.io-index"
checksum = "edb32cabe7176b7d270b0dca6ff418b75187ae8d3854423e3d06fbff376841e4"

[[package]]
name = "mpv_spike"
version = "0.1.0"
dependencies = [
 "libmpv2",
 "libmpv2-sys",
]
